
Microsoft Visual Studio Solution File, Format Version 12.00
# Visual Studio Version 17
VisualStudioVersion = 17.10.35004.147
MinimumVisualStudioVersion = 10.0.40219.1
Project("{9A19103F-16F7-4668-BE54-9A1E7A4F7556}") = "Smartwyre.DeveloperTest", "Smartwrye.Developer.Test\Smartwyre.DeveloperTest.csproj", "{F10FD25B-265E-400C-BD1D-38F08E9CFB1C}"
EndProject
Project("{9A19103F-16F7-4668-BE54-9A1E7A4F7556}") = "Smartwrye.Developer.Test.Tests", "Smartwrye.Developer.Test.Tests\Smartwrye.Developer.Test.Tests.csproj", "{FC9AC961-D200-42C2-8CC0-0030CC9EBF29}"
EndProject
Project("{9A19103F-16F7-4668-BE54-9A1E7A4F7556}") = "TestProject", "TestProject\TestProject.csproj", "{B18551D9-D673-4E32-945D-79E73711AF09}"
EndProject
Project("{FAE04EC0-301F-11D3-BF4B-00C04F79EFBC}") = "Smartwrye.Developer.Test.Runner", "Smartwrye.Developer.Test.Runner\Smartwrye.Developer.Test.Runner.csproj", "{B2FE2A6D-7B1F-4791-9928-9D8B3BBCD8C1}"
EndProject
Global
	GlobalSection(SolutionConfigurationPlatforms) = preSolution
		Debug|Any CPU = Debug|Any CPU
		Release|Any CPU = Release|Any CPU
	EndGlobalSection
	GlobalSection(ProjectConfigurationPlatforms) = postSolution
		{F10FD25B-265E-400C-BD1D-38F08E9CFB1C}.Debug|Any CPU.ActiveCfg = Debug|Any CPU
		{F10FD25B-265E-400C-BD1D-38F08E9CFB1C}.Debug|Any CPU.Build.0 = Debug|Any CPU
		{F10FD25B-265E-400C-BD1D-38F08E9CFB1C}.Release|Any CPU.ActiveCfg = Release|Any CPU
		{F10FD25B-265E-400C-BD1D-38F08E9CFB1C}.Release|Any CPU.Build.0 = Release|Any CPU
		{FC9AC961-D200-42C2-8CC0-0030CC9EBF29}.Debug|Any CPU.ActiveCfg = Debug|Any CPU
		{FC9AC961-D200-42C2-8CC0-0030CC9EBF29}.Debug|Any CPU.Build.0 = Debug|Any CPU
		{FC9AC961-D200-42C2-8CC0-0030CC9EBF29}.Release|Any CPU.ActiveCfg = Release|Any CPU
		{FC9AC961-D200-42C2-8CC0-0030CC9EBF29}.Release|Any CPU.Build.0 = Release|Any CPU
		{B18551D9-D673-4E32-945D-79E73711AF09}.Debug|Any CPU.ActiveCfg = Debug|Any CPU
		{B18551D9-D673-4E32-945D-79E73711AF09}.Debug|Any CPU.Build.0 = Debug|Any CPU
		{B18551D9-D673-4E32-945D-79E73711AF09}.Release|Any CPU.ActiveCfg = Release|Any CPU
		{B18551D9-D673-4E32-945D-79E73711AF09}.Release|Any CPU.Build.0 = Release|Any CPU
		{B2FE2A6D-7B1F-4791-9928-9D8B3BBCD8C1}.Debug|Any CPU.ActiveCfg = Debug|Any CPU
		{B2FE2A6D-7B1F-4791-9928-9D8B3BBCD8C1}.Debug|Any CPU.Build.0 = Debug|Any CPU
		{B2FE2A6D-7B1F-4791-9928-9D8B3BBCD8C1}.Release|Any CPU.ActiveCfg = Release|Any CPU
		{B2FE2A6D-7B1F-4791-9928-9D8B3BBCD8C1}.Release|Any CPU.Build.0 = Release|Any CPU
	EndGlobalSection
	GlobalSection(SolutionProperties) = preSolution
		HideSolutionNode = FALSE
	EndGlobalSection
	GlobalSection(ExtensibilityGlobals) = postSolution
		SolutionGuid = {544756AA-97CB-4B93-9302-5A105244C88B}
	EndGlobalSection
EndGlobal
